
Microsoft Visual Studio Solution File, Format Version 12.00
# Visual Studio 14
VisualStudioVersion = 14.0.24720.0
MinimumVisualStudioVersion = 10.0.40219.1
Project("{FAE04EC0-301F-11D3-BF4B-00C04F79EFBC}") = "BVTC.Data", "BVTC.Data\BVTC.Data.csproj", "{08E37816-5F9A-4E66-A1A9-5AA0E494060E}"
EndProject
Project("{FAE04EC0-301F-11D3-BF4B-00C04F79EFBC}") = "BVTC.UI", "BVTC.UI\BVTC.UI.csproj", "{0B9BE702-45A8-4B49-8272-D75FBBC492A4}"
EndProject
Project("{FAE04EC0-301F-11D3-BF4B-00C04F79EFBC}") = "BVTC.Repositories", "BVTC.Repositories\BVTC.Repositories.csproj", "{26221F43-0ADC-437E-B02C-EF957CC52E17}"
EndProject
Project("{FAE04EC0-301F-11D3-BF4B-00C04F79EFBC}") = "BVTC.ConsoleApps", "BVTC.ConsoleApps\BVTC.ConsoleApps.csproj", "{E7E0F3C0-1396-44C2-BD78-D315BE0ABE87}"
EndProject
Project("{FAE04EC0-301F-11D3-BF4B-00C04F79EFBC}") = "BVTC.RhinoPlugin", "BVTC.RhinoPlugin\BVTC.RhinoPlugin.csproj", "{B763CF8C-CB0A-41C5-859F-25C36421ADAE}"
EndProject
Project("{FAE04EC0-301F-11D3-BF4B-00C04F79EFBC}") = "BVTC.RhinoTools", "BVTC.RhinoTools\BVTC.RhinoTools.csproj", "{862BAD4C-9E80-4EA9-A8BE-06851A1C7BE5}"
EndProject
Project("{FAE04EC0-301F-11D3-BF4B-00C04F79EFBC}") = "BVTC.osTools", "BVTC.osTools\BVTC.osTools.csproj", "{6BB249EC-EFC7-4E6E-A2D2-B92AA3CF2805}"
EndProject
Project("{FAE04EC0-301F-11D3-BF4B-00C04F79EFBC}") = "BVTC.Collections", "BVTC.Collections\BVTC.Collections.csproj", "{BBFB417E-6069-4FFE-9B7C-D4418C0C72D7}"
EndProject
Global
	GlobalSection(SolutionConfigurationPlatforms) = preSolution
		Debug|Any CPU = Debug|Any CPU
		Debug32|Any CPU = Debug32|Any CPU
		Debug64|Any CPU = Debug64|Any CPU
		Release|Any CPU = Release|Any CPU
	EndGlobalSection
	GlobalSection(ProjectConfigurationPlatforms) = postSolution
		{08E37816-5F9A-4E66-A1A9-5AA0E494060E}.Debug|Any CPU.ActiveCfg = Debug|Any CPU
		{08E37816-5F9A-4E66-A1A9-5AA0E494060E}.Debug|Any CPU.Build.0 = Debug|Any CPU
		{08E37816-5F9A-4E66-A1A9-5AA0E494060E}.Debug32|Any CPU.ActiveCfg = Debug|Any CPU
		{08E37816-5F9A-4E66-A1A9-5AA0E494060E}.Debug32|Any CPU.Build.0 = Debug|Any CPU
		{08E37816-5F9A-4E66-A1A9-5AA0E494060E}.Debug64|Any CPU.ActiveCfg = Debug|Any CPU
		{08E37816-5F9A-4E66-A1A9-5AA0E494060E}.Debug64|Any CPU.Build.0 = Debug|Any CPU
		{08E37816-5F9A-4E66-A1A9-5AA0E494060E}.Release|Any CPU.ActiveCfg = Release|Any CPU
		{08E37816-5F9A-4E66-A1A9-5AA0E494060E}.Release|Any CPU.Build.0 = Release|Any CPU
		{0B9BE702-45A8-4B49-8272-D75FBBC492A4}.Debug|Any CPU.ActiveCfg = Debug|Any CPU
		{0B9BE702-45A8-4B49-8272-D75FBBC492A4}.Debug|Any CPU.Build.0 = Debug|Any CPU
		{0B9BE702-45A8-4B49-8272-D75FBBC492A4}.Debug32|Any CPU.ActiveCfg = Debug|Any CPU
		{0B9BE702-45A8-4B49-8272-D75FBBC492A4}.Debug32|Any CPU.Build.0 = Debug|Any CPU
		{0B9BE702-45A8-4B49-8272-D75FBBC492A4}.Debug64|Any CPU.ActiveCfg = Debug|Any CPU
		{0B9BE702-45A8-4B49-8272-D75FBBC492A4}.Debug64|Any CPU.Build.0 = Debug|Any CPU
		{0B9BE702-45A8-4B49-8272-D75FBBC492A4}.Release|Any CPU.ActiveCfg = Release|Any CPU
		{0B9BE702-45A8-4B49-8272-D75FBBC492A4}.Release|Any CPU.Build.0 = Release|Any CPU
		{26221F43-0ADC-437E-B02C-EF957CC52E17}.Debug|Any CPU.ActiveCfg = Debug|Any CPU
		{26221F43-0ADC-437E-B02C-EF957CC52E17}.Debug|Any CPU.Build.0 = Debug|Any CPU
		{26221F43-0ADC-437E-B02C-EF957CC52E17}.Debug32|Any CPU.ActiveCfg = Debug|Any CPU
		{26221F43-0ADC-437E-B02C-EF957CC52E17}.Debug32|Any CPU.Build.0 = Debug|Any CPU
		{26221F43-0ADC-437E-B02C-EF957CC52E17}.Debug64|Any CPU.ActiveCfg = Debug|Any CPU
		{26221F43-0ADC-437E-B02C-EF957CC52E17}.Debug64|Any CPU.Build.0 = Debug|Any CPU
		{26221F43-0ADC-437E-B02C-EF957CC52E17}.Release|Any CPU.ActiveCfg = Release|Any CPU
		{26221F43-0ADC-437E-B02C-EF957CC52E17}.Release|Any CPU.Build.0 = Release|Any CPU
		{E7E0F3C0-1396-44C2-BD78-D315BE0ABE87}.Debug|Any CPU.ActiveCfg = Debug|Any CPU
		{E7E0F3C0-1396-44C2-BD78-D315BE0ABE87}.Debug|Any CPU.Build.0 = Debug|Any CPU
		{E7E0F3C0-1396-44C2-BD78-D315BE0ABE87}.Debug32|Any CPU.ActiveCfg = Debug|Any CPU
		{E7E0F3C0-1396-44C2-BD78-D315BE0ABE87}.Debug32|Any CPU.Build.0 = Debug|Any CPU
		{E7E0F3C0-1396-44C2-BD78-D315BE0ABE87}.Debug64|Any CPU.ActiveCfg = Debug|Any CPU
		{E7E0F3C0-1396-44C2-BD78-D315BE0ABE87}.Debug64|Any CPU.Build.0 = Debug|Any CPU
		{E7E0F3C0-1396-44C2-BD78-D315BE0ABE87}.Release|Any CPU.ActiveCfg = Release|Any CPU
		{E7E0F3C0-1396-44C2-BD78-D315BE0ABE87}.Release|Any CPU.Build.0 = Release|Any CPU
		{B763CF8C-CB0A-41C5-859F-25C36421ADAE}.Debug|Any CPU.ActiveCfg = Debug64|Any CPU
		{B763CF8C-CB0A-41C5-859F-25C36421ADAE}.Debug|Any CPU.Build.0 = Debug64|Any CPU
		{B763CF8C-CB0A-41C5-859F-25C36421ADAE}.Debug32|Any CPU.ActiveCfg = Debug32|Any CPU
		{B763CF8C-CB0A-41C5-859F-25C36421ADAE}.Debug32|Any CPU.Build.0 = Debug32|Any CPU
		{B763CF8C-CB0A-41C5-859F-25C36421ADAE}.Debug64|Any CPU.ActiveCfg = Debug64|Any CPU
		{B763CF8C-CB0A-41C5-859F-25C36421ADAE}.Debug64|Any CPU.Build.0 = Debug64|Any CPU
		{B763CF8C-CB0A-41C5-859F-25C36421ADAE}.Release|Any CPU.ActiveCfg = Release|Any CPU
		{B763CF8C-CB0A-41C5-859F-25C36421ADAE}.Release|Any CPU.Build.0 = Release|Any CPU
		{862BAD4C-9E80-4EA9-A8BE-06851A1C7BE5}.Debug|Any CPU.ActiveCfg = Debug|Any CPU
		{862BAD4C-9E80-4EA9-A8BE-06851A1C7BE5}.Debug|Any CPU.Build.0 = Debug|Any CPU
		{862BAD4C-9E80-4EA9-A8BE-06851A1C7BE5}.Debug32|Any CPU.ActiveCfg = Debug|Any CPU
		{862BAD4C-9E80-4EA9-A8BE-06851A1C7BE5}.Debug32|Any CPU.Build.0 = Debug|Any CPU
		{862BAD4C-9E80-4EA9-A8BE-06851A1C7BE5}.Debug64|Any CPU.ActiveCfg = Debug|Any CPU
		{862BAD4C-9E80-4EA9-A8BE-06851A1C7BE5}.Debug64|Any CPU.Build.0 = Debug|Any CPU
		{862BAD4C-9E80-4EA9-A8BE-06851A1C7BE5}.Release|Any CPU.ActiveCfg = Release|Any CPU
		{862BAD4C-9E80-4EA9-A8BE-06851A1C7BE5}.Release|Any CPU.Build.0 = Release|Any CPU
		{6BB249EC-EFC7-4E6E-A2D2-B92AA3CF2805}.Debug|Any CPU.ActiveCfg = Debug|Any CPU
		{6BB249EC-EFC7-4E6E-A2D2-B92AA3CF2805}.Debug|Any CPU.Build.0 = Debug|Any CPU
		{6BB249EC-EFC7-4E6E-A2D2-B92AA3CF2805}.Debug32|Any CPU.ActiveCfg = Debug|Any CPU
		{6BB249EC-EFC7-4E6E-A2D2-B92AA3CF2805}.Debug32|Any CPU.Build.0 = Debug|Any CPU
		{6BB249EC-EFC7-4E6E-A2D2-B92AA3CF2805}.Debug64|Any CPU.ActiveCfg = Debug|Any CPU
		{6BB249EC-EFC7-4E6E-A2D2-B92AA3CF2805}.Debug64|Any CPU.Build.0 = Debug|Any CPU
		{6BB249EC-EFC7-4E6E-A2D2-B92AA3CF2805}.Release|Any CPU.ActiveCfg = Release|Any CPU
		{6BB249EC-EFC7-4E6E-A2D2-B92AA3CF2805}.Release|Any CPU.Build.0 = Release|Any CPU
		{BBFB417E-6069-4FFE-9B7C-D4418C0C72D7}.Debug|Any CPU.ActiveCfg = Debug|Any CPU
		{BBFB417E-6069-4FFE-9B7C-D4418C0C72D7}.Debug|Any CPU.Build.0 = Debug|Any CPU
		{BBFB417E-6069-4FFE-9B7C-D4418C0C72D7}.Debug32|Any CPU.ActiveCfg = Debug|Any CPU
		{BBFB417E-6069-4FFE-9B7C-D4418C0C72D7}.Debug32|Any CPU.Build.0 = Debug|Any CPU
		{BBFB417E-6069-4FFE-9B7C-D4418C0C72D7}.Debug64|Any CPU.ActiveCfg = Debug|Any CPU
		{BBFB417E-6069-4FFE-9B7C-D4418C0C72D7}.Debug64|Any CPU.Build.0 = Debug|Any CPU
		{BBFB417E-6069-4FFE-9B7C-D4418C0C72D7}.Release|Any CPU.ActiveCfg = Release|Any CPU
		{BBFB417E-6069-4FFE-9B7C-D4418C0C72D7}.Release|Any CPU.Build.0 = Release|Any CPU
	EndGlobalSection
	GlobalSection(SolutionProperties) = preSolution
		HideSolutionNode = FALSE
	EndGlobalSection
EndGlobal
